PODS:
  - FTMobileSDK (1.6.0-alpha.6):
    - FTMobileSDK/FTMobileAgent (= 1.6.0-alpha.6)
  - FTMobileSDK/Extension (1.6.0-alpha.6):
    - FTMobileSDK/FTSDKCore/FTRUM
    - FTMobileSDK/FTSDKCore/Logger
    - FTMobileSDK/FTSDKCore/URLSessionAutoInstrumentation
  - FTMobileSDK/FTMobileAgent (1.6.0-alpha.6):
    - FTMobileSDK/FTSDKCore
  - FTMobileSDK/FTSDKCore (1.6.0-alpha.6):
    - FTMobileSDK/FTSDKCore/BaseUtils (= 1.6.0-alpha.6)
    - FTMobileSDK/FTSDKCore/DataManager (= 1.6.0-alpha.6)
    - FTMobileSDK/FTSDKCore/FTRUM (= 1.6.0-alpha.6)
    - FTMobileSDK/FTSDKCore/FTWKWebView (= 1.6.0-alpha.6)
    - FTMobileSDK/FTSDKCore/Logger (= 1.6.0-alpha.6)
    - FTMobileSDK/FTSDKCore/Protocol (= 1.6.0-alpha.6)
    - FTMobileSDK/FTSDKCore/URLSessionAutoInstrumentation (= 1.6.0-alpha.6)
  - FTMobileSDK/FTSDKCore/BaseUtils (1.6.0-alpha.6):
    - FTMobileSDK/FTSDKCore/BaseUtils/Base (= 1.6.0-alpha.6)
    - FTMobileSDK/FTSDKCore/BaseUtils/Swizzle (= 1.6.0-alpha.6)
    - FTMobileSDK/FTSDKCore/BaseUtils/Thread (= 1.6.0-alpha.6)
  - FTMobileSDK/FTSDKCore/BaseUtils/Base (1.6.0-alpha.6)
  - FTMobileSDK/FTSDKCore/BaseUtils/Swizzle (1.6.0-alpha.6):
    - FTMobileSDK/FTSDKCore/BaseUtils/Base
  - FTMobileSDK/FTSDKCore/BaseUtils/Thread (1.6.0-alpha.6)
  - FTMobileSDK/FTSDKCore/DataManager (1.6.0-alpha.6):
    - FTMobileSDK/FTSDKCore/BaseUtils/Base
    - FTMobileSDK/FTSDKCore/BaseUtils/Thread
  - FTMobileSDK/FTSDKCore/FTRUM (1.6.0-alpha.6):
    - FTMobileSDK/FTSDKCore/BaseUtils/Base
    - FTMobileSDK/FTSDKCore/Protocol
  - FTMobileSDK/FTSDKCore/FTWKWebView (1.6.0-alpha.6):
    - FTMobileSDK/FTSDKCore/BaseUtils/Swizzle
    - FTMobileSDK/FTSDKCore/Protocol
  - FTMobileSDK/FTSDKCore/Logger (1.6.0-alpha.6):
    - FTMobileSDK/FTSDKCore/BaseUtils/Base
  - FTMobileSDK/FTSDKCore/Protocol (1.6.0-alpha.6)
  - FTMobileSDK/FTSDKCore/URLSessionAutoInstrumentation (1.6.0-alpha.6):
    - FTMobileSDK/FTSDKCore/BaseUtils/Swizzle
    - FTMobileSDK/FTSDKCore/Protocol
  - FTMobileSDK/FTSessionReplay (1.6.0-alpha.6):
    - FTMobileSDK/FTSDKCore
  - MBProgressHUD (1.2.0)
  - RxCocoa (6.7.1):
    - RxRelay (= 6.7.1)
    - RxSwift (= 6.7.1)
  - RxRelay (6.7.1):
    - RxSwift (= 6.7.1)
  - RxSwift (6.7.1)
  - SDWebImage (5.19.7):
    - SDWebImage/Core (= 5.19.7)
  - SDWebImage/Core (5.19.7)
  - SnapKit (5.6.0)
  - SwiftProtobuf (1.29.0)
  - Toast-Swift (5.0.1)

DEPENDENCIES:
  - FTMobileSDK (= 1.6.0-alpha.6)
  - FTMobileSDK/Extension (= 1.6.0-alpha.6)
  - FTMobileSDK/FTSessionReplay (= 1.6.0-alpha.6)
  - MBProgressHUD (~> 1.2.0)
  - OpenTelemetry-Swift-Protocol-Exporter-Http
  - OpenTelemetry-Swift-Sdk
  - RxCocoa
  - RxSwift
  - SDWebImage
  - SnapKit (~> 5.6.0)
  - Toast-Swift (~> 5.0.1)

SPEC REPOS:
  trunk:
    - FTMobileSDK
    - MBProgressHUD
    - OpenTelemetry-Swift-Api
    - OpenTelemetry-Swift-DataCompression
    - OpenTelemetry-Swift-Protocol-Exporter-Common
    - OpenTelemetry-Swift-Protocol-Exporter-Http
    - OpenTelemetry-Swift-Sdk
    - RxCocoa
    - RxRelay
    - RxSwift
    - SDWebImage
    - SnapKit
    - SwiftProtobuf
    - Toast-Swift

SPEC CHECKSUMS:
  FTMobileSDK: 8c7e461ffc06ad2b39872b35cc97a1d20a371e32
  MBProgressHUD: 3ee5efcc380f6a79a7cc9b363dd669c5e1ae7406
  RxCocoa: f5609cb4637587a7faa99c5d5787e3ad582b75a4
  RxRelay: 4151ba01152436b08271e08410135e099880eae5
  RxSwift: b9a93a26031785159e11abd40d1a55bcb8057e52
  SDWebImage: 8a6b7b160b4d710e2a22b6900e25301075c34cb3
  SnapKit: e01d52ebb8ddbc333eefe2132acf85c8227d9c25
  SwiftProtobuf: b7aa08087e2ab6d162862d143020091254095f69
  Toast-Swift: 9b6a70f28b3bf0b96c40d46c0c4b9d6639846711

PODFILE CHECKSUM: 182a4b15d81e47c05d0aadd3b15f7b7dd3b39a70

COCOAPODS: 1.16.2
