// !$*UTF8*$!
{
	archiveVersion = 1;
	classes = {
	};
	objectVersion = 54;
	objects = {

/* Begin PBXBuildFile section */
		171432442A691E0E00125AFE /* LongTaskViewController.swift in Sources */ = {isa = PBXBuildFile; fileRef = 171432432A691E0E00125AFE /* LongTaskViewController.swift */; };
		171432462A6924EB00125AFE /* LoggerExtension.swift in Sources */ = {isa = PBXBuildFile; fileRef = 171432452A6924EB00125AFE /* LoggerExtension.swift */; };
		171433DE2A6551FD0040F092 /* AppDelegate.swift in Sources */ = {isa = PBXBuildFile; fileRef = 171433DD2A6551FD0040F092 /* AppDelegate.swift */; };
		171433E02A6551FD0040F092 /* SceneDelegate.swift in Sources */ = {isa = PBXBuildFile; fileRef = 171433DF2A6551FD0040F092 /* SceneDelegate.swift */; };
		171433E52A6551FD0040F092 /* Main.storyboard in Resources */ = {isa = PBXBuildFile; fileRef = 171433E32A6551FD0040F092 /* Main.storyboard */; };
		171433E72A6551FE0040F092 /* Assets.xcassets in Resources */ = {isa = PBXBuildFile; fileRef = 171433E62A6551FE0040F092 /* Assets.xcassets */; };
		171433EA2A6551FE0040F092 /* LaunchScreen.storyboard in Resources */ = {isa = PBXBuildFile; fileRef = 171433E82A6551FE0040F092 /* LaunchScreen.storyboard */; };
		171433F42A6552FD0040F092 /* NetworkEngine.swift in Sources */ = {isa = PBXBuildFile; fileRef = 171433F32A6552FD0040F092 /* NetworkEngine.swift */; };
		171433F82A6555FA0040F092 /* MineViewController.swift in Sources */ = {isa = PBXBuildFile; fileRef = 171433F72A6555FA0040F092 /* MineViewController.swift */; };
		171433FB2A65587B0040F092 /* WebViewController.swift in Sources */ = {isa = PBXBuildFile; fileRef = 171433FA2A65587B0040F092 /* WebViewController.swift */; };
		171433FD2A655A240040F092 /* LoginViewController.swift in Sources */ = {isa = PBXBuildFile; fileRef = 171433FC2A655A240040F092 /* LoginViewController.swift */; };
		171445702A693CEC00376B7A /* WidgetKit.framework in Frameworks */ = {isa = PBXBuildFile; fileRef = 173B33642A692D11003A4ADE /* WidgetKit.framework */; };
		171445712A693CEC00376B7A /* SwiftUI.framework in Frameworks */ = {isa = PBXBuildFile; fileRef = 173B33662A692D11003A4ADE /* SwiftUI.framework */; };
		171445742A693CEC00376B7A /* GuanceBundle.swift in Sources */ = {isa = PBXBuildFile; fileRef = 171445732A693CEC00376B7A /* GuanceBundle.swift */; };
		171445782A693CEC00376B7A /* Guance.swift in Sources */ = {isa = PBXBuildFile; fileRef = 171445772A693CEC00376B7A /* Guance.swift */; };
		1714457A2A693CED00376B7A /* Assets.xcassets in Resources */ = {isa = PBXBuildFile; fileRef = 171445792A693CED00376B7A /* Assets.xcassets */; };
		1714457E2A693CED00376B7A /* GuanceExtension.appex in Embed Foundation Extensions */ = {isa = PBXBuildFile; fileRef = 1714456F2A693CEC00376B7A /* GuanceExtension.appex */; settings = {ATTRIBUTES = (RemoveHeadersOnCopy, ); }; };
		171445822A693D4700376B7A /* ModelData.swift in Sources */ = {isa = PBXBuildFile; fileRef = 173B337D2A693039003A4ADE /* ModelData.swift */; };
		171445832A693D5600376B7A /* UserInfo.swift in Sources */ = {isa = PBXBuildFile; fileRef = 173B337A2A692FA2003A4ADE /* UserInfo.swift */; };
		171445842A693D5E00376B7A /* NetworkEngine.swift in Sources */ = {isa = PBXBuildFile; fileRef = 171433F32A6552FD0040F092 /* NetworkEngine.swift */; };
		171445852A693D6700376B7A /* LoggerExtension.swift in Sources */ = {isa = PBXBuildFile; fileRef = 171432452A6924EB00125AFE /* LoggerExtension.swift */; };
		171445912A69632E00376B7A /* UserDefaultsExtension.swift in Sources */ = {isa = PBXBuildFile; fileRef = 171445902A69632E00376B7A /* UserDefaultsExtension.swift */; };
		171445922A69632E00376B7A /* UserDefaultsExtension.swift in Sources */ = {isa = PBXBuildFile; fileRef = 171445902A69632E00376B7A /* UserDefaultsExtension.swift */; };
		1714459E2A6A301100376B7A /* NativeViewController.swift in Sources */ = {isa = PBXBuildFile; fileRef = 1714459D2A6A301100376B7A /* NativeViewController.swift */; };
		171445A02A6A53D100376B7A /* ConfigurationVC.swift in Sources */ = {isa = PBXBuildFile; fileRef = 1714459F2A6A53D100376B7A /* ConfigurationVC.swift */; };
		171445A22A6A6A3B00376B7A /* StringExtension.swift in Sources */ = {isa = PBXBuildFile; fileRef = 171445A12A6A6A3B00376B7A /* StringExtension.swift */; };
		171445A42A6E545E00376B7A /* ConnectStatusBtn.swift in Sources */ = {isa = PBXBuildFile; fileRef = 171445A32A6E545E00376B7A /* ConnectStatusBtn.swift */; };
		1722E4CD2C855B5100B60D91 /* InputTableViewCell.swift in Sources */ = {isa = PBXBuildFile; fileRef = 1722E4CC2C855B5100B60D91 /* InputTableViewCell.swift */; };
		1722E4CF2C859C9900B60D91 /* UserInfoView.swift in Sources */ = {isa = PBXBuildFile; fileRef = 1722E4CE2C859C9900B60D91 /* UserInfoView.swift */; };
		1722E4D92C883D3F00B60D91 /* SelectButton.swift in Sources */ = {isa = PBXBuildFile; fileRef = 1722E4D82C883D3F00B60D91 /* SelectButton.swift */; };
		17355D332A73B8E00022181E /* ColorExtension.swift in Sources */ = {isa = PBXBuildFile; fileRef = 17355D322A73B8E00022181E /* ColorExtension.swift */; };
		173B337B2A692FA2003A4ADE /* UserInfo.swift in Sources */ = {isa = PBXBuildFile; fileRef = 173B337A2A692FA2003A4ADE /* UserInfo.swift */; };
		174CB0762B51573400A4F9C5 /* CrashViewController.swift in Sources */ = {isa = PBXBuildFile; fileRef = 174CB0752B51573400A4F9C5 /* CrashViewController.swift */; };
		174CB07A2B54D22900A4F9C5 /* Crasher.mm in Sources */ = {isa = PBXBuildFile; fileRef = 174CB0792B54D22900A4F9C5 /* Crasher.mm */; };
		17B907B42A66560D0026E51A /* DesignableUITextField.swift in Sources */ = {isa = PBXBuildFile; fileRef = 17B907B32A66560D0026E51A /* DesignableUITextField.swift */; };
		17B907B72A666B410026E51A /* UserManager.swift in Sources */ = {isa = PBXBuildFile; fileRef = 17B907B62A666B410026E51A /* UserManager.swift */; };
		17B907B92A6686E90026E51A /* HomeTabBarController.swift in Sources */ = {isa = PBXBuildFile; fileRef = 17B907B82A6686E90026E51A /* HomeTabBarController.swift */; };
		17B907BB2A6688490026E51A /* ListViewController.swift in Sources */ = {isa = PBXBuildFile; fileRef = 17B907BA2A6688490026E51A /* ListViewController.swift */; };
		17C7A1162C81CBDF0080DD92 /* TFTableView.swift in Sources */ = {isa = PBXBuildFile; fileRef = 17C7A1152C81CBDF0080DD92 /* TFTableView.swift */; };
		2D2B668EA2ADA62E580061E0 /* libPods-GuanceDemo.a in Frameworks */ = {isa = PBXBuildFile; fileRef = 52E526B42F97ECAA968904FA /* libPods-GuanceDemo.a */; };
		F6434B1E97AA72B332CC8071 /* libPods-GuanceExtension.a in Frameworks */ = {isa = PBXBuildFile; fileRef = C88494A24726B1B797179A0A /* libPods-GuanceExtension.a */; };
/* End PBXBuildFile section */

/* Begin PBXContainerItemProxy section */
		1714457C2A693CED00376B7A /* PBXContainerItemProxy */ = {
			isa = PBXContainerItemProxy;
			containerPortal = 171433D22A6551FD0040F092 /* Project object */;
			proxyType = 1;
			remoteGlobalIDString = 1714456E2A693CEC00376B7A;
			remoteInfo = GuanceExtension;
		};
/* End PBXContainerItemProxy section */

/* Begin PBXCopyFilesBuildPhase section */
		173B33752A692D15003A4ADE /* Embed Foundation Extensions */ = {
			isa = PBXCopyFilesBuildPhase;
			buildActionMask = 2147483647;
			dstPath = "";
			dstSubfolderSpec = 13;
			files = (
				1714457E2A693CED00376B7A /* GuanceExtension.appex in Embed Foundation Extensions */,
			);
			name = "Embed Foundation Extensions";
			runOnlyForDeploymentPostprocessing = 0;
		};
/* End PBXCopyFilesBuildPhase section */

/* Begin PBXFileReference section */
		00304618AEE37EE8EBE71343 /* Pods-WidgetDemoExtension.release.xcconfig */ = {isa = PBXFileReference; includeInIndex = 1; lastKnownFileType = text.xcconfig; name = "Pods-WidgetDemoExtension.release.xcconfig"; path = "Target Support Files/Pods-WidgetDemoExtension/Pods-WidgetDemoExtension.release.xcconfig"; sourceTree = "<group>"; };
		0AB346594AF42DCC1E7B50E5 /* Pods-GuanceExtension.release.xcconfig */ = {isa = PBXFileReference; includeInIndex = 1; lastKnownFileType = text.xcconfig; name = "Pods-GuanceExtension.release.xcconfig"; path = "Target Support Files/Pods-GuanceExtension/Pods-GuanceExtension.release.xcconfig"; sourceTree = "<group>"; };
		171432432A691E0E00125AFE /* LongTaskViewController.swift */ = {isa = PBXFileReference; lastKnownFileType = sourcecode.swift; path = LongTaskViewController.swift; sourceTree = "<group>"; };
		171432452A6924EB00125AFE /* LoggerExtension.swift */ = {isa = PBXFileReference; lastKnownFileType = sourcecode.swift; path = LoggerExtension.swift; sourceTree = "<group>"; };
		171433DA2A6551FD0040F092 /* GuanceDemo.app */ = {isa = PBXFileReference; explicitFileType = wrapper.application; includeInIndex = 0; path = GuanceDemo.app; sourceTree = BUILT_PRODUCTS_DIR; };
		171433DD2A6551FD0040F092 /* AppDelegate.swift */ = {isa = PBXFileReference; lastKnownFileType = sourcecode.swift; path = AppDelegate.swift; sourceTree = "<group>"; };
		171433DF2A6551FD0040F092 /* SceneDelegate.swift */ = {isa = PBXFileReference; lastKnownFileType = sourcecode.swift; path = SceneDelegate.swift; sourceTree = "<group>"; };
		171433E42A6551FD0040F092 /* Base */ = {isa = PBXFileReference; lastKnownFileType = file.storyboard; name = Base; path = Base.lproj/Main.storyboard; sourceTree = "<group>"; };
		171433E62A6551FE0040F092 /* Assets.xcassets */ = {isa = PBXFileReference; lastKnownFileType = folder.assetcatalog; path = Assets.xcassets; sourceTree = "<group>"; };
		171433E92A6551FE0040F092 /* Base */ = {isa = PBXFileReference; lastKnownFileType = file.storyboard; name = Base; path = Base.lproj/LaunchScreen.storyboard; sourceTree = "<group>"; };
		171433EB2A6551FE0040F092 /* Info.plist */ = {isa = PBXFileReference; lastKnownFileType = text.plist.xml; path = Info.plist; sourceTree = "<group>"; };
		171433F32A6552FD0040F092 /* NetworkEngine.swift */ = {isa = PBXFileReference; lastKnownFileType = sourcecode.swift; path = NetworkEngine.swift; sourceTree = "<group>"; };
		171433F72A6555FA0040F092 /* MineViewController.swift */ = {isa = PBXFileReference; lastKnownFileType = sourcecode.swift; path = MineViewController.swift; sourceTree = "<group>"; };
		171433FA2A65587B0040F092 /* WebViewController.swift */ = {isa = PBXFileReference; lastKnownFileType = sourcecode.swift; path = WebViewController.swift; sourceTree = "<group>"; };
		171433FC2A655A240040F092 /* LoginViewController.swift */ = {isa = PBXFileReference; lastKnownFileType = sourcecode.swift; path = LoginViewController.swift; sourceTree = "<group>"; };
		1714456F2A693CEC00376B7A /* GuanceExtension.appex */ = {isa = PBXFileReference; explicitFileType = "wrapper.app-extension"; includeInIndex = 0; path = GuanceExtension.appex; sourceTree = BUILT_PRODUCTS_DIR; };
		171445732A693CEC00376B7A /* GuanceBundle.swift */ = {isa = PBXFileReference; lastKnownFileType = sourcecode.swift; path = GuanceBundle.swift; sourceTree = "<group>"; };
		171445772A693CEC00376B7A /* Guance.swift */ = {isa = PBXFileReference; lastKnownFileType = sourcecode.swift; path = Guance.swift; sourceTree = "<group>"; };
		171445792A693CED00376B7A /* Assets.xcassets */ = {isa = PBXFileReference; lastKnownFileType = folder.assetcatalog; path = Assets.xcassets; sourceTree = "<group>"; };
		1714457B2A693CED00376B7A /* Info.plist */ = {isa = PBXFileReference; lastKnownFileType = text.plist.xml; path = Info.plist; sourceTree = "<group>"; };
		171445862A69406700376B7A /* GuanceExtension.entitlements */ = {isa = PBXFileReference; lastKnownFileType = text.plist.entitlements; path = GuanceExtension.entitlements; sourceTree = "<group>"; };
		171445902A69632E00376B7A /* UserDefaultsExtension.swift */ = {isa = PBXFileReference; fileEncoding = 4; lastKnownFileType = sourcecode.swift; path = UserDefaultsExtension.swift; sourceTree = "<group>"; };
		1714459D2A6A301100376B7A /* NativeViewController.swift */ = {isa = PBXFileReference; lastKnownFileType = sourcecode.swift; path = NativeViewController.swift; sourceTree = "<group>"; };
		1714459F2A6A53D100376B7A /* ConfigurationVC.swift */ = {isa = PBXFileReference; lastKnownFileType = sourcecode.swift; path = ConfigurationVC.swift; sourceTree = "<group>"; };
		171445A12A6A6A3B00376B7A /* StringExtension.swift */ = {isa = PBXFileReference; lastKnownFileType = sourcecode.swift; path = StringExtension.swift; sourceTree = "<group>"; };
		171445A32A6E545E00376B7A /* ConnectStatusBtn.swift */ = {isa = PBXFileReference; lastKnownFileType = sourcecode.swift; path = ConnectStatusBtn.swift; sourceTree = "<group>"; };
		1722E4CC2C855B5100B60D91 /* InputTableViewCell.swift */ = {isa = PBXFileReference; lastKnownFileType = sourcecode.swift; path = InputTableViewCell.swift; sourceTree = "<group>"; };
		1722E4CE2C859C9900B60D91 /* UserInfoView.swift */ = {isa = PBXFileReference; lastKnownFileType = sourcecode.swift; name = UserInfoView.swift; path = GuanceDemo/View/UserInfoView.swift; sourceTree = SOURCE_ROOT; };
		1722E4D82C883D3F00B60D91 /* SelectButton.swift */ = {isa = PBXFileReference; lastKnownFileType = sourcecode.swift; path = SelectButton.swift; sourceTree = "<group>"; };
		17355D322A73B8E00022181E /* ColorExtension.swift */ = {isa = PBXFileReference; lastKnownFileType = sourcecode.swift; path = ColorExtension.swift; sourceTree = "<group>"; };
		173B33642A692D11003A4ADE /* WidgetKit.framework */ = {isa = PBXFileReference; lastKnownFileType = wrapper.framework; name = WidgetKit.framework; path = System/Library/Frameworks/WidgetKit.framework; sourceTree = SDKROOT; };
		173B33662A692D11003A4ADE /* SwiftUI.framework */ = {isa = PBXFileReference; lastKnownFileType = wrapper.framework; name = SwiftUI.framework; path = System/Library/Frameworks/SwiftUI.framework; sourceTree = SDKROOT; };
		173B337A2A692FA2003A4ADE /* UserInfo.swift */ = {isa = PBXFileReference; lastKnownFileType = sourcecode.swift; path = UserInfo.swift; sourceTree = "<group>"; };
		173B337D2A693039003A4ADE /* ModelData.swift */ = {isa = PBXFileReference; lastKnownFileType = sourcecode.swift; path = ModelData.swift; sourceTree = "<group>"; };
		173B33812A693422003A4ADE /* GuanceDemo.entitlements */ = {isa = PBXFileReference; lastKnownFileType = text.plist.entitlements; path = GuanceDemo.entitlements; sourceTree = "<group>"; };
		174CB0752B51573400A4F9C5 /* CrashViewController.swift */ = {isa = PBXFileReference; lastKnownFileType = sourcecode.swift; path = CrashViewController.swift; sourceTree = "<group>"; };
		174CB0772B54D22800A4F9C5 /* GuanceDemo-Bridging-Header.h */ = {isa = PBXFileReference; lastKnownFileType = sourcecode.c.h; path = "GuanceDemo-Bridging-Header.h"; sourceTree = "<group>"; };
		174CB0782B54D22900A4F9C5 /* Crasher.h */ = {isa = PBXFileReference; fileEncoding = 4; lastKnownFileType = sourcecode.c.h; path = Crasher.h; sourceTree = "<group>"; };
		174CB0792B54D22900A4F9C5 /* Crasher.mm */ = {isa = PBXFileReference; fileEncoding = 4; lastKnownFileType = sourcecode.cpp.objcpp; path = Crasher.mm; sourceTree = "<group>"; };
		17A67EB72A83A37B00DCB88D /* Config-Demo.develop.xcconfig */ = {isa = PBXFileReference; lastKnownFileType = text.xcconfig; path = "Config-Demo.develop.xcconfig"; sourceTree = "<group>"; };
		17A67EB82A83B3CB00DCB88D /* Config-Demo.release.xcconfig */ = {isa = PBXFileReference; lastKnownFileType = text.xcconfig; path = "Config-Demo.release.xcconfig"; sourceTree = "<group>"; };
		17A67EB92A8481D700DCB88D /* Config-Demo.pre.xcconfig */ = {isa = PBXFileReference; lastKnownFileType = text.xcconfig; path = "Config-Demo.pre.xcconfig"; sourceTree = "<group>"; };
		17B907B32A66560D0026E51A /* DesignableUITextField.swift */ = {isa = PBXFileReference; lastKnownFileType = sourcecode.swift; path = DesignableUITextField.swift; sourceTree = "<group>"; };
		17B907B62A666B410026E51A /* UserManager.swift */ = {isa = PBXFileReference; lastKnownFileType = sourcecode.swift; path = UserManager.swift; sourceTree = "<group>"; };
		17B907B82A6686E90026E51A /* HomeTabBarController.swift */ = {isa = PBXFileReference; lastKnownFileType = sourcecode.swift; path = HomeTabBarController.swift; sourceTree = "<group>"; };
		17B907BA2A6688490026E51A /* ListViewController.swift */ = {isa = PBXFileReference; lastKnownFileType = sourcecode.swift; path = ListViewController.swift; sourceTree = "<group>"; };
		17C7A1152C81CBDF0080DD92 /* TFTableView.swift */ = {isa = PBXFileReference; lastKnownFileType = sourcecode.swift; path = TFTableView.swift; sourceTree = "<group>"; };
		2E6B12E17B4BB8B6A4A70B90 /* Pods-GuanceDemo.pre.xcconfig */ = {isa = PBXFileReference; includeInIndex = 1; lastKnownFileType = text.xcconfig; name = "Pods-GuanceDemo.pre.xcconfig"; path = "Target Support Files/Pods-GuanceDemo/Pods-GuanceDemo.pre.xcconfig"; sourceTree = "<group>"; };
		464713DFF9B3B89BBDBD6076 /* Pods-GuanceDemo.release.xcconfig */ = {isa = PBXFileReference; includeInIndex = 1; lastKnownFileType = text.xcconfig; name = "Pods-GuanceDemo.release.xcconfig"; path = "Target Support Files/Pods-GuanceDemo/Pods-GuanceDemo.release.xcconfig"; sourceTree = "<group>"; };
		52E526B42F97ECAA968904FA /* libPods-GuanceDemo.a */ = {isa = PBXFileReference; explicitFileType = archive.ar; includeInIndex = 0; path = "libPods-GuanceDemo.a"; sourceTree = BUILT_PRODUCTS_DIR; };
		5D6E269A8E35A957ABBFD9EA /* Pods-GuanceExtension.debug.xcconfig */ = {isa = PBXFileReference; includeInIndex = 1; lastKnownFileType = text.xcconfig; name = "Pods-GuanceExtension.debug.xcconfig"; path = "Target Support Files/Pods-GuanceExtension/Pods-GuanceExtension.debug.xcconfig"; sourceTree = "<group>"; };
		9E9013E70BA24FA76B7D5847 /* Pods-WidgetDemoExtension.debug.xcconfig */ = {isa = PBXFileReference; includeInIndex = 1; lastKnownFileType = text.xcconfig; name = "Pods-WidgetDemoExtension.debug.xcconfig"; path = "Target Support Files/Pods-WidgetDemoExtension/Pods-WidgetDemoExtension.debug.xcconfig"; sourceTree = "<group>"; };
		C74E5F8C527BD07BC37B8A83 /* Pods_WidgetDemoExtension.framework */ = {isa = PBXFileReference; explicitFileType = wrapper.framework; includeInIndex = 0; path = Pods_WidgetDemoExtension.framework; sourceTree = BUILT_PRODUCTS_DIR; };
		C88494A24726B1B797179A0A /* libPods-GuanceExtension.a */ = {isa = PBXFileReference; explicitFileType = archive.ar; includeInIndex = 0; path = "libPods-GuanceExtension.a"; sourceTree = BUILT_PRODUCTS_DIR; };
		CC17F54327DB1D08CD01B5CB /* Pods-GuanceExtension.pre.xcconfig */ = {isa = PBXFileReference; includeInIndex = 1; lastKnownFileType = text.xcconfig; name = "Pods-GuanceExtension.pre.xcconfig"; path = "Target Support Files/Pods-GuanceExtension/Pods-GuanceExtension.pre.xcconfig"; sourceTree = "<group>"; };
		D41F34A7D798D8CF6EF9F736 /* Pods-GuanceDemo.debug.xcconfig */ = {isa = PBXFileReference; includeInIndex = 1; lastKnownFileType = text.xcconfig; name = "Pods-GuanceDemo.debug.xcconfig"; path = "Target Support Files/Pods-GuanceDemo/Pods-GuanceDemo.debug.xcconfig"; sourceTree = "<group>"; };
/* End PBXFileReference section */

/* Begin PBXFrameworksBuildPhase section */
		171433D72A6551FD0040F092 /* Frameworks */ = {
			isa = PBXFrameworksBuildPhase;
			buildActionMask = 2147483647;
			files = (
				2D2B668EA2ADA62E580061E0 /* libPods-GuanceDemo.a in Frameworks */,
			);
			runOnlyForDeploymentPostprocessing = 0;
		};
		1714456C2A693CEC00376B7A /* Frameworks */ = {
			isa = PBXFrameworksBuildPhase;
			buildActionMask = 2147483647;
			files = (
				171445712A693CEC00376B7A /* SwiftUI.framework in Frameworks */,
				171445702A693CEC00376B7A /* WidgetKit.framework in Frameworks */,
				F6434B1E97AA72B332CC8071 /* libPods-GuanceExtension.a in Frameworks */,
			);
			runOnlyForDeploymentPostprocessing = 0;
		};
/* End PBXFrameworksBuildPhase section */

/* Begin PBXGroup section */
		171433D12A6551FD0040F092 = {
			isa = PBXGroup;
			children = (
				1722E4D12C86A96C00B60D91 /* xcconfig */,
				171445862A69406700376B7A /* GuanceExtension.entitlements */,
				171433DC2A6551FD0040F092 /* GuanceDemo */,
				171445722A693CEC00376B7A /* Guance */,
				171433DB2A6551FD0040F092 /* Products */,
				4B9CB199CD3AFD66E63CC582 /* Pods */,
				93C60F842C5BAB37EC7DB69F /* Frameworks */,
			);
			sourceTree = "<group>";
		};
		171433DB2A6551FD0040F092 /* Products */ = {
			isa = PBXGroup;
			children = (
				171433DA2A6551FD0040F092 /* GuanceDemo.app */,
				1714456F2A693CEC00376B7A /* GuanceExtension.appex */,
			);
			name = Products;
			sourceTree = "<group>";
		};
		171433DC2A6551FD0040F092 /* GuanceDemo */ = {
			isa = PBXGroup;
			children = (
				173B33812A693422003A4ADE /* GuanceDemo.entitlements */,
				171433DD2A6551FD0040F092 /* AppDelegate.swift */,
				171433DF2A6551FD0040F092 /* SceneDelegate.swift */,
				175951122A7106B6006FAB9D /* Model */,
				171433F92A6556040040F092 /* View */,
				171433E32A6551FD0040F092 /* Main.storyboard */,
				171433E62A6551FE0040F092 /* Assets.xcassets */,
				171433E82A6551FE0040F092 /* LaunchScreen.storyboard */,
				171433EB2A6551FE0040F092 /* Info.plist */,
			);
			path = GuanceDemo;
			sourceTree = "<group>";
		};
		171433F92A6556040040F092 /* View */ = {
			isa = PBXGroup;
			children = (
				17B907B22A6654D90026E51A /* Helpers */,
				171433F72A6555FA0040F092 /* MineViewController.swift */,
				1722E4CE2C859C9900B60D91 /* UserInfoView.swift */,
				171433FA2A65587B0040F092 /* WebViewController.swift */,
				171433FC2A655A240040F092 /* LoginViewController.swift */,
				17B907B82A6686E90026E51A /* HomeTabBarController.swift */,
				17B907BA2A6688490026E51A /* ListViewController.swift */,
				171432432A691E0E00125AFE /* LongTaskViewController.swift */,
				1714459D2A6A301100376B7A /* NativeViewController.swift */,
				1714459F2A6A53D100376B7A /* ConfigurationVC.swift */,
				17C7A1152C81CBDF0080DD92 /* TFTableView.swift */,
				174CB0752B51573400A4F9C5 /* CrashViewController.swift */,
				1722E4CC2C855B5100B60D91 /* InputTableViewCell.swift */,
				174CB0772B54D22800A4F9C5 /* GuanceDemo-Bridging-Header.h */,
			);
			path = View;
			sourceTree = "<group>";
		};
		171445722A693CEC00376B7A /* Guance */ = {
			isa = PBXGroup;
			children = (
				171445732A693CEC00376B7A /* GuanceBundle.swift */,
				171445772A693CEC00376B7A /* Guance.swift */,
				173B337D2A693039003A4ADE /* ModelData.swift */,
				171445792A693CED00376B7A /* Assets.xcassets */,
				1714457B2A693CED00376B7A /* Info.plist */,
			);
			path = Guance;
			sourceTree = "<group>";
		};
		1722E4D12C86A96C00B60D91 /* xcconfig */ = {
			isa = PBXGroup;
			children = (
				17A67EB92A8481D700DCB88D /* Config-Demo.pre.xcconfig */,
				17A67EB82A83B3CB00DCB88D /* Config-Demo.release.xcconfig */,
				17A67EB72A83A37B00DCB88D /* Config-Demo.develop.xcconfig */,
			);
			path = xcconfig;
			sourceTree = "<group>";
		};
		175951122A7106B6006FAB9D /* Model */ = {
			isa = PBXGroup;
			children = (
				171433F32A6552FD0040F092 /* NetworkEngine.swift */,
				17B907B62A666B410026E51A /* UserManager.swift */,
				171432452A6924EB00125AFE /* LoggerExtension.swift */,
				171445902A69632E00376B7A /* UserDefaultsExtension.swift */,
				173B337A2A692FA2003A4ADE /* UserInfo.swift */,
			);
			path = Model;
			sourceTree = "<group>";
		};
		17B907B22A6654D90026E51A /* Helpers */ = {
			isa = PBXGroup;
			children = (
				174CB0782B54D22900A4F9C5 /* Crasher.h */,
				174CB0792B54D22900A4F9C5 /* Crasher.mm */,
				17B907B32A66560D0026E51A /* DesignableUITextField.swift */,
				171445A12A6A6A3B00376B7A /* StringExtension.swift */,
				171445A32A6E545E00376B7A /* ConnectStatusBtn.swift */,
				17355D322A73B8E00022181E /* ColorExtension.swift */,
				1722E4D82C883D3F00B60D91 /* SelectButton.swift */,
			);
			path = Helpers;
			sourceTree = "<group>";
		};
		4B9CB199CD3AFD66E63CC582 /* Pods */ = {
			isa = PBXGroup;
			children = (
				D41F34A7D798D8CF6EF9F736 /* Pods-GuanceDemo.debug.xcconfig */,
				464713DFF9B3B89BBDBD6076 /* Pods-GuanceDemo.release.xcconfig */,
				9E9013E70BA24FA76B7D5847 /* Pods-WidgetDemoExtension.debug.xcconfig */,
				00304618AEE37EE8EBE71343 /* Pods-WidgetDemoExtension.release.xcconfig */,
				5D6E269A8E35A957ABBFD9EA /* Pods-GuanceExtension.debug.xcconfig */,
				0AB346594AF42DCC1E7B50E5 /* Pods-GuanceExtension.release.xcconfig */,
				2E6B12E17B4BB8B6A4A70B90 /* Pods-GuanceDemo.pre.xcconfig */,
				CC17F54327DB1D08CD01B5CB /* Pods-GuanceExtension.pre.xcconfig */,
			);
			path = Pods;
			sourceTree = "<group>";
		};
		93C60F842C5BAB37EC7DB69F /* Frameworks */ = {
			isa = PBXGroup;
			children = (
				173B33642A692D11003A4ADE /* WidgetKit.framework */,
				173B33662A692D11003A4ADE /* SwiftUI.framework */,
				C74E5F8C527BD07BC37B8A83 /* Pods_WidgetDemoExtension.framework */,
				52E526B42F97ECAA968904FA /* libPods-GuanceDemo.a */,
				C88494A24726B1B797179A0A /* libPods-GuanceExtension.a */,
			);
			name = Frameworks;
			sourceTree = "<group>";
		};
/* End PBXGroup section */

/* Begin PBXNativeTarget section */
		171433D92A6551FD0040F092 /* GuanceDemo */ = {
			isa = PBXNativeTarget;
			buildConfigurationList = 171433EE2A6551FE0040F092 /* Build configuration list for PBXNativeTarget "GuanceDemo" */;
			buildPhases = (
				5779B408AF75B4AA36271815 /* [CP] Check Pods Manifest.lock */,
				171433D62A6551FD0040F092 /* Sources */,
				171433D72A6551FD0040F092 /* Frameworks */,
				171433D82A6551FD0040F092 /* Resources */,
				173B33752A692D15003A4ADE /* Embed Foundation Extensions */,
				938D14D79FFE2702CB6533F2 /* [CP] Copy Pods Resources */,
				1722E4D42C86B8CA00B60D91 /* [FT] dSYM Upload */,
			);
			buildRules = (
			);
			dependencies = (
				1714457D2A693CED00376B7A /* PBXTargetDependency */,
			);
			name = GuanceDemo;
			productName = GuanceDemo;
			productReference = 171433DA2A6551FD0040F092 /* GuanceDemo.app */;
			productType = "com.apple.product-type.application";
		};
		1714456E2A693CEC00376B7A /* GuanceExtension */ = {
			isa = PBXNativeTarget;
			buildConfigurationList = 1714457F2A693CED00376B7A /* Build configuration list for PBXNativeTarget "GuanceExtension" */;
			buildPhases = (
				7D04D9FFDB3E86BD3EF3A705 /* [CP] Check Pods Manifest.lock */,
				1714456B2A693CEC00376B7A /* Sources */,
				1714456C2A693CEC00376B7A /* Frameworks */,
				1714456D2A693CEC00376B7A /* Resources */,
			);
			buildRules = (
			);
			dependencies = (
			);
			name = GuanceExtension;
			productName = GuanceExtension;
			productReference = 1714456F2A693CEC00376B7A /* GuanceExtension.appex */;
			productType = "com.apple.product-type.app-extension";
		};
/* End PBXNativeTarget section */

/* Begin PBXProject section */
		171433D22A6551FD0040F092 /* Project object */ = {
			isa = PBXProject;
			attributes = {
				BuildIndependentTargetsInParallel = 1;
				LastSwiftUpdateCheck = 1430;
				LastUpgradeCheck = 1430;
				TargetAttributes = {
					171433D92A6551FD0040F092 = {
						CreatedOnToolsVersion = 14.3.1;
						LastSwiftMigration = 1520;
					};
					1714456E2A693CEC00376B7A = {
						CreatedOnToolsVersion = 14.3.1;
					};
				};
			};
			buildConfigurationList = 171433D52A6551FD0040F092 /* Build configuration list for PBXProject "GuanceDemo" */;
			compatibilityVersion = "Xcode 11.0";
			developmentRegion = en;
			hasScannedForEncodings = 0;
			knownRegions = (
				en,
				Base,
			);
			mainGroup = 171433D12A6551FD0040F092;
			productRefGroup = 171433DB2A6551FD0040F092 /* Products */;
			projectDirPath = "";
			projectRoot = "";
			targets = (
				171433D92A6551FD0040F092 /* GuanceDemo */,
				1714456E2A693CEC00376B7A /* GuanceExtension */,
			);
		};
/* End PBXProject section */

/* Begin PBXResourcesBuildPhase section */
		171433D82A6551FD0040F092 /* Resources */ = {
			isa = PBXResourcesBuildPhase;
			buildActionMask = 2147483647;
			files = (
				171433EA2A6551FE0040F092 /* LaunchScreen.storyboard in Resources */,
				171433E72A6551FE0040F092 /* Assets.xcassets in Resources */,
				171433E52A6551FD0040F092 /* Main.storyboard in Resources */,
			);
			runOnlyForDeploymentPostprocessing = 0;
		};
		1714456D2A693CEC00376B7A /* Resources */ = {
			isa = PBXResourcesBuildPhase;
			buildActionMask = 2147483647;
			files = (
				1714457A2A693CED00376B7A /* Assets.xcassets in Resources */,
			);
			runOnlyForDeploymentPostprocessing = 0;
		};
/* End PBXResourcesBuildPhase section */

/* Begin PBXShellScriptBuildPhase section */
		1722E4D42C86B8CA00B60D91 /* [FT] dSYM Upload */ = {
			isa = PBXShellScriptBuildPhase;
			buildActionMask = 2147483647;
			files = (
			);
			inputFileListPaths = (
			);
			inputPaths = (
			);
			name = "[FT] dSYM Upload";
			outputFileListPaths = (
			);
			outputPaths = (
			);
			runOnlyForDeploymentPostprocessing = 0;
			shellPath = /bin/sh;
			shellScript = "source \"${SRCROOT}/FTdSYMUploader.sh\"\n";
		};
		5779B408AF75B4AA36271815 /* [CP] Check Pods Manifest.lock */ = {
			isa = PBXShellScriptBuildPhase;
			buildActionMask = 2147483647;
			files = (
			);
			inputFileListPaths = (
			);
			inputPaths = (
				"${PODS_PODFILE_DIR_PATH}/Podfile.lock",
				"${PODS_ROOT}/Manifest.lock",
			);
			name = "[CP] Check Pods Manifest.lock";
			outputFileListPaths = (
			);
			outputPaths = (
				"$(DERIVED_FILE_DIR)/Pods-GuanceDemo-checkManifestLockResult.txt",
			);
			runOnlyForDeploymentPostprocessing = 0;
			shellPath = /bin/sh;
			shellScript = "diff \"${PODS_PODFILE_DIR_PATH}/Podfile.lock\" \"${PODS_ROOT}/Manifest.lock\" > /dev/null\nif [ $? != 0 ] ; then\n    # print error to STDERR\n    echo \"error: The sandbox is not in sync with the Podfile.lock. Run 'pod install' or update your CocoaPods installation.\" >&2\n    exit 1\nfi\n# This output is used by Xcode 'outputs' to avoid re-running this script phase.\necho \"SUCCESS\" > \"${SCRIPT_OUTPUT_FILE_0}\"\n";
			showEnvVarsInLog = 0;
		};
		7D04D9FFDB3E86BD3EF3A705 /* [CP] Check Pods Manifest.lock */ = {
			isa = PBXShellScriptBuildPhase;
			buildActionMask = 2147483647;
			files = (
			);
			inputFileListPaths = (
			);
			inputPaths = (
				"${PODS_PODFILE_DIR_PATH}/Podfile.lock",
				"${PODS_ROOT}/Manifest.lock",
			);
			name = "[CP] Check Pods Manifest.lock";
			outputFileListPaths = (
			);
			outputPaths = (
				"$(DERIVED_FILE_DIR)/Pods-GuanceExtension-checkManifestLockResult.txt",
			);
			runOnlyForDeploymentPostprocessing = 0;
			shellPath = /bin/sh;
			shellScript = "diff \"${PODS_PODFILE_DIR_PATH}/Podfile.lock\" \"${PODS_ROOT}/Manifest.lock\" > /dev/null\nif [ $? != 0 ] ; then\n    # print error to STDERR\n    echo \"error: The sandbox is not in sync with the Podfile.lock. Run 'pod install' or update your CocoaPods installation.\" >&2\n    exit 1\nfi\n# This output is used by Xcode 'outputs' to avoid re-running this script phase.\necho \"SUCCESS\" > \"${SCRIPT_OUTPUT_FILE_0}\"\n";
			showEnvVarsInLog = 0;
		};
		938D14D79FFE2702CB6533F2 /* [CP] Copy Pods Resources */ = {
			isa = PBXShellScriptBuildPhase;
			buildActionMask = 2147483647;
			files = (
			);
			inputFileListPaths = (
				"${PODS_ROOT}/Target Support Files/Pods-GuanceDemo/Pods-GuanceDemo-resources-${CONFIGURATION}-input-files.xcfilelist",
			);
			name = "[CP] Copy Pods Resources";
			outputFileListPaths = (
				"${PODS_ROOT}/Target Support Files/Pods-GuanceDemo/Pods-GuanceDemo-resources-${CONFIGURATION}-output-files.xcfilelist",
			);
			runOnlyForDeploymentPostprocessing = 0;
			shellPath = /bin/sh;
			shellScript = "\"${PODS_ROOT}/Target Support Files/Pods-GuanceDemo/Pods-GuanceDemo-resources.sh\"\n";
			showEnvVarsInLog = 0;
		};
/* End PBXShellScriptBuildPhase section */

/* Begin PBXSourcesBuildPhase section */
		171433D62A6551FD0040F092 /* Sources */ = {
			isa = PBXSourcesBuildPhase;
			buildActionMask = 2147483647;
			files = (
				17B907B42A66560D0026E51A /* DesignableUITextField.swift in Sources */,
				171432462A6924EB00125AFE /* LoggerExtension.swift in Sources */,
				171433F42A6552FD0040F092 /* NetworkEngine.swift in Sources */,
				1722E4CF2C859C9900B60D91 /* UserInfoView.swift in Sources */,
				1722E4D92C883D3F00B60D91 /* SelectButton.swift in Sources */,
				171433DE2A6551FD0040F092 /* AppDelegate.swift in Sources */,
				171432442A691E0E00125AFE /* LongTaskViewController.swift in Sources */,
				17B907B92A6686E90026E51A /* HomeTabBarController.swift in Sources */,
				171433E02A6551FD0040F092 /* SceneDelegate.swift in Sources */,
				17C7A1162C81CBDF0080DD92 /* TFTableView.swift in Sources */,
				171433FD2A655A240040F092 /* LoginViewController.swift in Sources */,
				174CB0762B51573400A4F9C5 /* CrashViewController.swift in Sources */,
				171445A02A6A53D100376B7A /* ConfigurationVC.swift in Sources */,
				173B337B2A692FA2003A4ADE /* UserInfo.swift in Sources */,
				174CB07A2B54D22900A4F9C5 /* Crasher.mm in Sources */,
				171433F82A6555FA0040F092 /* MineViewController.swift in Sources */,
				1714459E2A6A301100376B7A /* NativeViewController.swift in Sources */,
				17B907B72A666B410026E51A /* UserManager.swift in Sources */,
				171445A22A6A6A3B00376B7A /* StringExtension.swift in Sources */,
				17B907BB2A6688490026E51A /* ListViewController.swift in Sources */,
				171445912A69632E00376B7A /* UserDefaultsExtension.swift in Sources */,
				1722E4CD2C855B5100B60D91 /* InputTableViewCell.swift in Sources */,
				171433FB2A65587B0040F092 /* WebViewController.swift in Sources */,
				171445A42A6E545E00376B7A /* ConnectStatusBtn.swift in Sources */,
				17355D332A73B8E00022181E /* ColorExtension.swift in Sources */,
			);
			runOnlyForDeploymentPostprocessing = 0;
		};
		1714456B2A693CEC00376B7A /* Sources */ = {
			isa = PBXSourcesBuildPhase;
			buildActionMask = 2147483647;
			files = (
				171445742A693CEC00376B7A /* GuanceBundle.swift in Sources */,
				171445822A693D4700376B7A /* ModelData.swift in Sources */,
				171445842A693D5E00376B7A /* NetworkEngine.swift in Sources */,
				171445782A693CEC00376B7A /* Guance.swift in Sources */,
				171445832A693D5600376B7A /* UserInfo.swift in Sources */,
				171445922A69632E00376B7A /* UserDefaultsExtension.swift in Sources */,
				171445852A693D6700376B7A /* LoggerExtension.swift in Sources */,
			);
			runOnlyForDeploymentPostprocessing = 0;
		};
/* End PBXSourcesBuildPhase section */

/* Begin PBXTargetDependency section */
		1714457D2A693CED00376B7A /* PBXTargetDependency */ = {
			isa = PBXTargetDependency;
			target = 1714456E2A693CEC00376B7A /* GuanceExtension */;
			targetProxy = 1714457C2A693CED00376B7A /* PBXContainerItemProxy */;
		};
/* End PBXTargetDependency section */

/* Begin PBXVariantGroup section */
		171433E32A6551FD0040F092 /* Main.storyboard */ = {
			isa = PBXVariantGroup;
			children = (
				171433E42A6551FD0040F092 /* Base */,
			);
			name = Main.storyboard;
			sourceTree = "<group>";
		};
		171433E82A6551FE0040F092 /* LaunchScreen.storyboard */ = {
			isa = PBXVariantGroup;
			children = (
				171433E92A6551FE0040F092 /* Base */,
			);
			name = LaunchScreen.storyboard;
			sourceTree = "<group>";
		};
/* End PBXVariantGroup section */

/* Begin XCBuildConfiguration section */
		171433EC2A6551FE0040F092 /* Debug */ = {
			isa = XCBuildConfiguration;
			buildSettings = {
				ALWAYS_SEARCH_USER_PATHS = NO;
				CLANG_ANALYZER_NONNULL = YES;
				CLANG_ANALYZER_NUMBER_OBJECT_CONVERSION = YES_AGGRESSIVE;
				CLANG_CXX_LANGUAGE_STANDARD = "gnu++20";
				CLANG_ENABLE_MODULES = YES;
				CLANG_ENABLE_OBJC_ARC = YES;
				CLANG_ENABLE_OBJC_WEAK = YES;
				CLANG_WARN_BLOCK_CAPTURE_AUTORELEASING = YES;
				CLANG_WARN_BOOL_CONVERSION = YES;
				CLANG_WARN_COMMA = YES;
				CLANG_WARN_CONSTANT_CONVERSION = YES;
				CLANG_WARN_DEPRECATED_OBJC_IMPLEMENTATIONS = YES;
				CLANG_WARN_DIRECT_OBJC_ISA_USAGE = YES_ERROR;
				CLANG_WARN_DOCUMENTATION_COMMENTS = YES;
				CLANG_WARN_EMPTY_BODY = YES;
				CLANG_WARN_ENUM_CONVERSION = YES;
				CLANG_WARN_INFINITE_RECURSION = YES;
				CLANG_WARN_INT_CONVERSION = YES;
				CLANG_WARN_NON_LITERAL_NULL_CONVERSION = YES;
				CLANG_WARN_OBJC_IMPLICIT_RETAIN_SELF = YES;
				CLANG_WARN_OBJC_LITERAL_CONVERSION = YES;
				CLANG_WARN_OBJC_ROOT_CLASS = YES_ERROR;
				CLANG_WARN_QUOTED_INCLUDE_IN_FRAMEWORK_HEADER = YES;
				CLANG_WARN_RANGE_LOOP_ANALYSIS = YES;
				CLANG_WARN_STRICT_PROTOTYPES = YES;
				CLANG_WARN_SUSPICIOUS_MOVE = YES;
				CLANG_WARN_UNGUARDED_AVAILABILITY = YES_AGGRESSIVE;
				CLANG_WARN_UNREACHABLE_CODE = YES;
				CLANG_WARN__DUPLICATE_METHOD_MATCH = YES;
				COPY_PHASE_STRIP = NO;
				DEBUG_INFORMATION_FORMAT = dwarf;
				ENABLE_STRICT_OBJC_MSGSEND = YES;
				ENABLE_TESTABILITY = YES;
				GCC_C_LANGUAGE_STANDARD = gnu11;
				GCC_DYNAMIC_NO_PIC = NO;
				GCC_NO_COMMON_BLOCKS = YES;
				GCC_OPTIMIZATION_LEVEL = 0;
				GCC_PREPROCESSOR_DEFINITIONS = (
					"DEBUG=1",
					"$(inherited)",
				);
				GCC_WARN_64_TO_32_BIT_CONVERSION = YES;
				GCC_WARN_ABOUT_RETURN_TYPE = YES_ERROR;
				GCC_WARN_UNDECLARED_SELECTOR = YES;
				GCC_WARN_UNINITIALIZED_AUTOS = YES_AGGRESSIVE;
				GCC_WARN_UNUSED_FUNCTION = YES;
				GCC_WARN_UNUSED_VARIABLE = YES;
				IPHONEOS_DEPLOYMENT_TARGET = 16.4;
				MTL_ENABLE_DEBUG_INFO = INCLUDE_SOURCE;
				MTL_FAST_MATH = YES;
				ONLY_ACTIVE_ARCH = YES;
				SDKROOT = iphoneos;
				SWIFT_ACTIVE_COMPILATION_CONDITIONS = DEBUG;
				SWIFT_OPTIMIZATION_LEVEL = "-Onone";
			};
			name = Debug;
		};
		171433ED2A6551FE0040F092 /* Release */ = {
			isa = XCBuildConfiguration;
			buildSettings = {
				ALWAYS_SEARCH_USER_PATHS = NO;
				CLANG_ANALYZER_NONNULL = YES;
				CLANG_ANALYZER_NUMBER_OBJECT_CONVERSION = YES_AGGRESSIVE;
				CLANG_CXX_LANGUAGE_STANDARD = "gnu++20";
				CLANG_ENABLE_MODULES = YES;
				CLANG_ENABLE_OBJC_ARC = YES;
				CLANG_ENABLE_OBJC_WEAK = YES;
				CLANG_WARN_BLOCK_CAPTURE_AUTORELEASING = YES;
				CLANG_WARN_BOOL_CONVERSION = YES;
				CLANG_WARN_COMMA = YES;
				CLANG_WARN_CONSTANT_CONVERSION = YES;
				CLANG_WARN_DEPRECATED_OBJC_IMPLEMENTATIONS = YES;
				CLANG_WARN_DIRECT_OBJC_ISA_USAGE = YES_ERROR;
				CLANG_WARN_DOCUMENTATION_COMMENTS = YES;
				CLANG_WARN_EMPTY_BODY = YES;
				CLANG_WARN_ENUM_CONVERSION = YES;
				CLANG_WARN_INFINITE_RECURSION = YES;
				CLANG_WARN_INT_CONVERSION = YES;
				CLANG_WARN_NON_LITERAL_NULL_CONVERSION = YES;
				CLANG_WARN_OBJC_IMPLICIT_RETAIN_SELF = YES;
				CLANG_WARN_OBJC_LITERAL_CONVERSION = YES;
				CLANG_WARN_OBJC_ROOT_CLASS = YES_ERROR;
				CLANG_WARN_QUOTED_INCLUDE_IN_FRAMEWORK_HEADER = YES;
				CLANG_WARN_RANGE_LOOP_ANALYSIS = YES;
				CLANG_WARN_STRICT_PROTOTYPES = YES;
				CLANG_WARN_SUSPICIOUS_MOVE = YES;
				CLANG_WARN_UNGUARDED_AVAILABILITY = YES_AGGRESSIVE;
				CLANG_WARN_UNREACHABLE_CODE = YES;
				CLANG_WARN__DUPLICATE_METHOD_MATCH = YES;
				COPY_PHASE_STRIP = NO;
				DEBUG_INFORMATION_FORMAT = "dwarf-with-dsym";
				ENABLE_NS_ASSERTIONS = NO;
				ENABLE_STRICT_OBJC_MSGSEND = YES;
				GCC_C_LANGUAGE_STANDARD = gnu11;
				GCC_NO_COMMON_BLOCKS = YES;
				GCC_WARN_64_TO_32_BIT_CONVERSION = YES;
				GCC_WARN_ABOUT_RETURN_TYPE = YES_ERROR;
				GCC_WARN_UNDECLARED_SELECTOR = YES;
				GCC_WARN_UNINITIALIZED_AUTOS = YES_AGGRESSIVE;
				GCC_WARN_UNUSED_FUNCTION = YES;
				GCC_WARN_UNUSED_VARIABLE = YES;
				IPHONEOS_DEPLOYMENT_TARGET = 16.4;
				MTL_ENABLE_DEBUG_INFO = NO;
				MTL_FAST_MATH = YES;
				SDKROOT = iphoneos;
				SWIFT_COMPILATION_MODE = wholemodule;
				SWIFT_OPTIMIZATION_LEVEL = "-O";
				VALIDATE_PRODUCT = YES;
			};
			name = Release;
		};
		171433EF2A6551FE0040F092 /* Debug */ = {
			isa = XCBuildConfiguration;
			baseConfigurationReference = 17A67EB72A83A37B00DCB88D /* Config-Demo.develop.xcconfig */;
			buildSettings = {
				ASSETCATALOG_COMPILER_APPICON_NAME = AppIcon;
				ASSETCATALOG_COMPILER_GLOBAL_ACCENT_COLOR_NAME = AccentColor;
				CLANG_ENABLE_MODULES = YES;
				CODE_SIGN_ENTITLEMENTS = GuanceDemo/GuanceDemo.entitlements;
				CODE_SIGN_IDENTITY = "Apple Development";
				CODE_SIGN_STYLE = Automatic;
				CURRENT_PROJECT_VERSION = 1;
				DEPLOYMENT_POSTPROCESSING = YES;
				DEVELOPMENT_TEAM = RRLM22BB37;
				GENERATE_INFOPLIST_FILE = YES;
				INFOPLIST_FILE = GuanceDemo/Info.plist;
				INFOPLIST_KEY_UIApplicationSupportsIndirectInputEvents = YES;
				INFOPLIST_KEY_UILaunchStoryboardName = LaunchScreen;
				INFOPLIST_KEY_UIMainStoryboardFile = Main;
				INFOPLIST_KEY_UISupportedInterfaceOrientations_iPad = "UIInterfaceOrientationPortrait UIInterfaceOrientationPortraitUpsideDown UIInterfaceOrientationLandscapeLeft UIInterfaceOrientationLandscapeRight";
				INFOPLIST_KEY_UISupportedInterfaceOrientations_iPhone = "UIInterfaceOrientationPortrait UIInterfaceOrientationLandscapeLeft UIInterfaceOrientationLandscapeRight";
				IPHONEOS_DEPLOYMENT_TARGET = 13.0;
				LD_RUNPATH_SEARCH_PATHS = (
					"$(inherited)",
					"@executable_path/Frameworks",
				);
				MARKETING_VERSION = 1.0.5;
				PRODUCT_BUNDLE_IDENTIFIER = com.guance.GuanceDemo;
				PRODUCT_NAME = "$(TARGET_NAME)";
				PROVISIONING_PROFILE_SPECIFIER = "";
				STRIP_INSTALLED_PRODUCT = NO;
				SWIFT_EMIT_LOC_STRINGS = YES;
				SWIFT_OBJC_BRIDGING_HEADER = "GuanceDemo/View/GuanceDemo-Bridging-Header.h";
				SWIFT_OPTIMIZATION_LEVEL = "-Onone";
				SWIFT_VERSION = 5.0;
				TARGETED_DEVICE_FAMILY = "1,2";
			};
			name = Debug;
		};
		171433F02A6551FE0040F092 /* Release */ = {
			isa = XCBuildConfiguration;
			baseConfigurationReference = 17A67EB82A83B3CB00DCB88D /* Config-Demo.release.xcconfig */;
			buildSettings = {
				ASSETCATALOG_COMPILER_APPICON_NAME = AppIcon;
				ASSETCATALOG_COMPILER_GLOBAL_ACCENT_COLOR_NAME = AccentColor;
				CLANG_ENABLE_MODULES = YES;
				CODE_SIGN_ENTITLEMENTS = GuanceDemo/GuanceDemo.entitlements;
				CODE_SIGN_IDENTITY = "Apple Development";
				CODE_SIGN_STYLE = Automatic;
				CURRENT_PROJECT_VERSION = 1;
				DEPLOYMENT_POSTPROCESSING = YES;
				DEVELOPMENT_TEAM = RRLM22BB37;
				GENERATE_INFOPLIST_FILE = YES;
				INFOPLIST_FILE = GuanceDemo/Info.plist;
				INFOPLIST_KEY_UIApplicationSupportsIndirectInputEvents = YES;
				INFOPLIST_KEY_UILaunchStoryboardName = LaunchScreen;
				INFOPLIST_KEY_UIMainStoryboardFile = Main;
				INFOPLIST_KEY_UISupportedInterfaceOrientations_iPad = "UIInterfaceOrientationPortrait UIInterfaceOrientationPortraitUpsideDown UIInterfaceOrientationLandscapeLeft UIInterfaceOrientationLandscapeRight";
				INFOPLIST_KEY_UISupportedInterfaceOrientations_iPhone = "UIInterfaceOrientationPortrait UIInterfaceOrientationLandscapeLeft UIInterfaceOrientationLandscapeRight";
				IPHONEOS_DEPLOYMENT_TARGET = 13.0;
				LD_RUNPATH_SEARCH_PATHS = (
					"$(inherited)",
					"@executable_path/Frameworks",
				);
				MARKETING_VERSION = 1.0.5;
				PRODUCT_BUNDLE_IDENTIFIER = com.guance.GuanceDemo;
				PRODUCT_NAME = "$(TARGET_NAME)";
				PROVISIONING_PROFILE_SPECIFIER = "";
				STRIP_INSTALLED_PRODUCT = YES;
				SWIFT_EMIT_LOC_STRINGS = YES;
				SWIFT_OBJC_BRIDGING_HEADER = "GuanceDemo/View/GuanceDemo-Bridging-Header.h";
				SWIFT_VERSION = 5.0;
				TARGETED_DEVICE_FAMILY = "1,2";
			};
			name = Release;
		};
		171445802A693CED00376B7A /* Debug */ = {
			isa = XCBuildConfiguration;
			baseConfigurationReference = 5D6E269A8E35A957ABBFD9EA /* Pods-GuanceExtension.debug.xcconfig */;
			buildSettings = {
				ASSETCATALOG_COMPILER_GLOBAL_ACCENT_COLOR_NAME = AccentColor;
				ASSETCATALOG_COMPILER_WIDGET_BACKGROUND_COLOR_NAME = WidgetBackground;
				CODE_SIGN_ENTITLEMENTS = GuanceExtension.entitlements;
				CODE_SIGN_IDENTITY = "Apple Development";
				CODE_SIGN_STYLE = Automatic;
				CURRENT_PROJECT_VERSION = 1;
				DEVELOPMENT_TEAM = RRLM22BB37;
				GENERATE_INFOPLIST_FILE = YES;
				INFOPLIST_FILE = Guance/Info.plist;
				INFOPLIST_KEY_CFBundleDisplayName = Guance;
				INFOPLIST_KEY_NSHumanReadableCopyright = "";
				IPHONEOS_DEPLOYMENT_TARGET = 14.0;
				LD_RUNPATH_SEARCH_PATHS = (
					"$(inherited)",
					"@executable_path/Frameworks",
					"@executable_path/../../Frameworks",
				);
				MARKETING_VERSION = 1.0.2;
				PRODUCT_BUNDLE_IDENTIFIER = com.guance.GuanceDemo.widget;
				PRODUCT_NAME = "$(TARGET_NAME)";
				SKIP_INSTALL = YES;
				SWIFT_EMIT_LOC_STRINGS = YES;
				SWIFT_VERSION = 5.0;
				TARGETED_DEVICE_FAMILY = "1,2";
			};
			name = Debug;
		};
		171445812A693CED00376B7A /* Release */ = {
			isa = XCBuildConfiguration;
			baseConfigurationReference = 0AB346594AF42DCC1E7B50E5 /* Pods-GuanceExtension.release.xcconfig */;
			buildSettings = {
				ASSETCATALOG_COMPILER_GLOBAL_ACCENT_COLOR_NAME = AccentColor;
				ASSETCATALOG_COMPILER_WIDGET_BACKGROUND_COLOR_NAME = WidgetBackground;
				CODE_SIGN_ENTITLEMENTS = GuanceExtension.entitlements;
				CODE_SIGN_IDENTITY = "Apple Development";
				CODE_SIGN_STYLE = Automatic;
				CURRENT_PROJECT_VERSION = 1;
				DEVELOPMENT_TEAM = RRLM22BB37;
				GENERATE_INFOPLIST_FILE = YES;
				INFOPLIST_FILE = Guance/Info.plist;
				INFOPLIST_KEY_CFBundleDisplayName = Guance;
				INFOPLIST_KEY_NSHumanReadableCopyright = "";
				IPHONEOS_DEPLOYMENT_TARGET = 14.0;
				LD_RUNPATH_SEARCH_PATHS = (
					"$(inherited)",
					"@executable_path/Frameworks",
					"@executable_path/../../Frameworks",
				);
				MARKETING_VERSION = 1.0.2;
				PRODUCT_BUNDLE_IDENTIFIER = com.guance.GuanceDemo.widget;
				PRODUCT_NAME = "$(TARGET_NAME)";
				SKIP_INSTALL = YES;
				SWIFT_EMIT_LOC_STRINGS = YES;
				SWIFT_VERSION = 5.0;
				TARGETED_DEVICE_FAMILY = "1,2";
			};
			name = Release;
		};
		17A67EBA2A84890D00DCB88D /* Pre */ = {
			isa = XCBuildConfiguration;
			buildSettings = {
				ALWAYS_SEARCH_USER_PATHS = NO;
				CLANG_ANALYZER_NONNULL = YES;
				CLANG_ANALYZER_NUMBER_OBJECT_CONVERSION = YES_AGGRESSIVE;
				CLANG_CXX_LANGUAGE_STANDARD = "gnu++20";
				CLANG_ENABLE_MODULES = YES;
				CLANG_ENABLE_OBJC_ARC = YES;
				CLANG_ENABLE_OBJC_WEAK = YES;
				CLANG_WARN_BLOCK_CAPTURE_AUTORELEASING = YES;
				CLANG_WARN_BOOL_CONVERSION = YES;
				CLANG_WARN_COMMA = YES;
				CLANG_WARN_CONSTANT_CONVERSION = YES;
				CLANG_WARN_DEPRECATED_OBJC_IMPLEMENTATIONS = YES;
				CLANG_WARN_DIRECT_OBJC_ISA_USAGE = YES_ERROR;
				CLANG_WARN_DOCUMENTATION_COMMENTS = YES;
				CLANG_WARN_EMPTY_BODY = YES;
				CLANG_WARN_ENUM_CONVERSION = YES;
				CLANG_WARN_INFINITE_RECURSION = YES;
				CLANG_WARN_INT_CONVERSION = YES;
				CLANG_WARN_NON_LITERAL_NULL_CONVERSION = YES;
				CLANG_WARN_OBJC_IMPLICIT_RETAIN_SELF = YES;
				CLANG_WARN_OBJC_LITERAL_CONVERSION = YES;
				CLANG_WARN_OBJC_ROOT_CLASS = YES_ERROR;
				CLANG_WARN_QUOTED_INCLUDE_IN_FRAMEWORK_HEADER = YES;
				CLANG_WARN_RANGE_LOOP_ANALYSIS = YES;
				CLANG_WARN_STRICT_PROTOTYPES = YES;
				CLANG_WARN_SUSPICIOUS_MOVE = YES;
				CLANG_WARN_UNGUARDED_AVAILABILITY = YES_AGGRESSIVE;
				CLANG_WARN_UNREACHABLE_CODE = YES;
				CLANG_WARN__DUPLICATE_METHOD_MATCH = YES;
				COPY_PHASE_STRIP = NO;
				DEBUG_INFORMATION_FORMAT = dwarf;
				ENABLE_STRICT_OBJC_MSGSEND = YES;
				ENABLE_TESTABILITY = YES;
				GCC_C_LANGUAGE_STANDARD = gnu11;
				GCC_DYNAMIC_NO_PIC = NO;
				GCC_NO_COMMON_BLOCKS = YES;
				GCC_OPTIMIZATION_LEVEL = 0;
				GCC_PREPROCESSOR_DEFINITIONS = (
					"DEBUG=1",
					"$(inherited)",
				);
				GCC_WARN_64_TO_32_BIT_CONVERSION = YES;
				GCC_WARN_ABOUT_RETURN_TYPE = YES_ERROR;
				GCC_WARN_UNDECLARED_SELECTOR = YES;
				GCC_WARN_UNINITIALIZED_AUTOS = YES_AGGRESSIVE;
				GCC_WARN_UNUSED_FUNCTION = YES;
				GCC_WARN_UNUSED_VARIABLE = YES;
				IPHONEOS_DEPLOYMENT_TARGET = 16.4;
				MTL_ENABLE_DEBUG_INFO = INCLUDE_SOURCE;
				MTL_FAST_MATH = YES;
				ONLY_ACTIVE_ARCH = YES;
				SDKROOT = iphoneos;
				SWIFT_ACTIVE_COMPILATION_CONDITIONS = DEBUG;
				SWIFT_OPTIMIZATION_LEVEL = "-Onone";
			};
			name = Pre;
		};
		17A67EBB2A84890D00DCB88D /* Pre */ = {
			isa = XCBuildConfiguration;
			baseConfigurationReference = 17A67EB92A8481D700DCB88D /* Config-Demo.pre.xcconfig */;
			buildSettings = {
				ASSETCATALOG_COMPILER_APPICON_NAME = AppIcon;
				ASSETCATALOG_COMPILER_GLOBAL_ACCENT_COLOR_NAME = AccentColor;
				CLANG_ENABLE_MODULES = YES;
				CODE_SIGN_ENTITLEMENTS = GuanceDemo/GuanceDemo.entitlements;
				CODE_SIGN_IDENTITY = "Apple Development";
				CODE_SIGN_STYLE = Automatic;
				CURRENT_PROJECT_VERSION = 1;
				DEPLOYMENT_POSTPROCESSING = YES;
				DEVELOPMENT_TEAM = RRLM22BB37;
				GCC_PREPROCESSOR_DEFINITIONS = (
					"$(inherited)",
					"PRE=1",
				);
				GENERATE_INFOPLIST_FILE = YES;
				INFOPLIST_FILE = GuanceDemo/Info.plist;
				INFOPLIST_KEY_UIApplicationSupportsIndirectInputEvents = YES;
				INFOPLIST_KEY_UILaunchStoryboardName = LaunchScreen;
				INFOPLIST_KEY_UIMainStoryboardFile = Main;
				INFOPLIST_KEY_UISupportedInterfaceOrientations_iPad = "UIInterfaceOrientationPortrait UIInterfaceOrientationPortraitUpsideDown UIInterfaceOrientationLandscapeLeft UIInterfaceOrientationLandscapeRight";
				INFOPLIST_KEY_UISupportedInterfaceOrientations_iPhone = "UIInterfaceOrientationPortrait UIInterfaceOrientationLandscapeLeft UIInterfaceOrientationLandscapeRight";
				IPHONEOS_DEPLOYMENT_TARGET = 13.0;
				LD_RUNPATH_SEARCH_PATHS = (
					"$(inherited)",
					"@executable_path/Frameworks",
				);
				MARKETING_VERSION = 1.0.5;
				OTHER_SWIFT_FLAGS = "$(inherited) -D COCOAPODS -Xcc -fmodule-map-file=\"${PODS_CONFIGURATION_BUILD_DIR}/SnapKit/SnapKit.modulemap\" -Xcc -fmodule-map-file=\"${PODS_CONFIGURATION_BUILD_DIR}/Toast-Swift/Toast_Swift.modulemap\" -Xcc -fmodule-map-file=\"${PODS_ROOT}/Headers/Public/FTMobileSDK/FTMobileSDK-0e74e980.modulemap\" -Xcc -fmodule-map-file=\"${PODS_ROOT}/Headers/Public/MBProgressHUD/MBProgressHUD.modulemap\" -Xcc -fmodule-map-file=\"${PODS_ROOT}/Headers/Public/SDWebImage/SDWebImage.modulemap\" -D PRE";
				PRODUCT_BUNDLE_IDENTIFIER = com.guance.GuanceDemo;
				PRODUCT_NAME = "$(TARGET_NAME)";
				PROVISIONING_PROFILE_SPECIFIER = "";
				STRIP_INSTALLED_PRODUCT = NO;
				SWIFT_EMIT_LOC_STRINGS = YES;
				SWIFT_OBJC_BRIDGING_HEADER = "GuanceDemo/View/GuanceDemo-Bridging-Header.h";
				SWIFT_OPTIMIZATION_LEVEL = "-Onone";
				SWIFT_VERSION = 5.0;
				TARGETED_DEVICE_FAMILY = "1,2";
			};
			name = Pre;
		};
		17A67EBC2A84890D00DCB88D /* Pre */ = {
			isa = XCBuildConfiguration;
			baseConfigurationReference = CC17F54327DB1D08CD01B5CB /* Pods-GuanceExtension.pre.xcconfig */;
			buildSettings = {
				ASSETCATALOG_COMPILER_GLOBAL_ACCENT_COLOR_NAME = AccentColor;
				ASSETCATALOG_COMPILER_WIDGET_BACKGROUND_COLOR_NAME = WidgetBackground;
				CODE_SIGN_ENTITLEMENTS = GuanceExtension.entitlements;
				CODE_SIGN_IDENTITY = "Apple Development";
				CODE_SIGN_STYLE = Automatic;
				CURRENT_PROJECT_VERSION = 1;
				DEVELOPMENT_TEAM = RRLM22BB37;
				GENERATE_INFOPLIST_FILE = YES;
				INFOPLIST_FILE = Guance/Info.plist;
				INFOPLIST_KEY_CFBundleDisplayName = Guance;
				INFOPLIST_KEY_NSHumanReadableCopyright = "";
				IPHONEOS_DEPLOYMENT_TARGET = 14.0;
				LD_RUNPATH_SEARCH_PATHS = (
					"$(inherited)",
					"@executable_path/Frameworks",
					"@executable_path/../../Frameworks",
				);
				MARKETING_VERSION = 1.0.2;
				PRODUCT_BUNDLE_IDENTIFIER = com.guance.GuanceDemo.widget;
				PRODUCT_NAME = "$(TARGET_NAME)";
				SKIP_INSTALL = YES;
				SWIFT_EMIT_LOC_STRINGS = YES;
				SWIFT_VERSION = 5.0;
				TARGETED_DEVICE_FAMILY = "1,2";
			};
			name = Pre;
		};
/* End XCBuildConfiguration section */

/* Begin XCConfigurationList section */
		171433D52A6551FD0040F092 /* Build configuration list for PBXProject "GuanceDemo" */ = {
			isa = XCConfigurationList;
			buildConfigurations = (
				171433EC2A6551FE0040F092 /* Debug */,
				17A67EBA2A84890D00DCB88D /* Pre */,
				171433ED2A6551FE0040F092 /* Release */,
			);
			defaultConfigurationIsVisible = 0;
			defaultConfigurationName = Release;
		};
		171433EE2A6551FE0040F092 /* Build configuration list for PBXNativeTarget "GuanceDemo" */ = {
			isa = XCConfigurationList;
			buildConfigurations = (
				171433EF2A6551FE0040F092 /* Debug */,
				17A67EBB2A84890D00DCB88D /* Pre */,
				171433F02A6551FE0040F092 /* Release */,
			);
			defaultConfigurationIsVisible = 0;
			defaultConfigurationName = Release;
		};
		1714457F2A693CED00376B7A /* Build configuration list for PBXNativeTarget "GuanceExtension" */ = {
			isa = XCConfigurationList;
			buildConfigurations = (
				171445802A693CED00376B7A /* Debug */,
				17A67EBC2A84890D00DCB88D /* Pre */,
				171445812A693CED00376B7A /* Release */,
			);
			defaultConfigurationIsVisible = 0;
			defaultConfigurationName = Release;
		};
/* End XCConfigurationList section */
	};
	rootObject = 171433D22A6551FD0040F092 /* Project object */;
}
