{
  "name": "guance-cocos-demo",
  "version": "1.0.0",
  "lockfileVersion": 3,
  "requires": true,
  "packages": {
    "": {
      "name": "guance-cocos-demo",
      "version": "1.0.0",
      "dependencies": {
        "@cloudcare/cocos-sdk": "0.1.0-alpha.6",
        "@cloudcare/cocos-session-replay": "0.1.0-alpha.6"
      },
      "devDependencies": {
        "typescript": "5.9.3"
      }
    },
    "node_modules/@cloudcare/cocos-sdk": {
      "version": "0.1.0-alpha.6",
      "resolved": "https://registry.npmjs.org/@cloudcare/cocos-sdk/-/cocos-sdk-0.1.0-alpha.6.tgz",
      "integrity": "sha512-e0PRKXgsPyteXTzwLXuJFtJYBDdGL5SuWE8wRs+qZToryd2hFleRFbOwamfmnZoF/TYG87ykPv8qx5GbfKBXpA==",
      "license": "Apache-2.0",
      "bin": {
        "guance-cocos": "bin/cli.cjs"
      },
      "engines": {
        "node": ">=14"
      }
    },
    "node_modules/@cloudcare/cocos-session-replay": {
      "version": "0.1.0-alpha.6",
      "resolved": "https://registry.npmjs.org/@cloudcare/cocos-session-replay/-/cocos-session-replay-0.1.0-alpha.6.tgz",
      "integrity": "sha512-+jQ4niEgBKidpsWu4Y9P1pTpRcI01h1Jkgk53NjB+TCsxmUmAanm/tPo6xi7eKf87wtCGE8aeKXHQm8sqQCaNg==",
      "license": "Apache-2.0",
      "engines": {
        "node": ">=14"
      },
      "peerDependencies": {
        "@cloudcare/cocos-sdk": "0.1.0-alpha.6"
      }
    },
    "node_modules/typescript": {
      "version": "5.9.3",
      "resolved": "https://registry.npmjs.org/typescript/-/typescript-5.9.3.tgz",
      "integrity": "sha512-jl1vZzPDinLr9eUt3J/t7V6FgNEw9QjvBPdysz9KfQDD41fQrC2Y4vKQdiaUpFT4bXlb1RHhLpp8wtm6M5TgSw==",
      "dev": true,
      "license": "Apache-2.0",
      "bin": {
        "tsc": "bin/tsc",
        "tsserver": "bin/tsserver"
      },
      "engines": {
        "node": ">=14.17"
      }
    }
  }
}
